
Microsoft Visual Studio Solution File, Format Version 12.00
# Visual Studio Version 16
VisualStudioVersion = 16.0.31229.75
MinimumVisualStudioVersion = 10.0.40219.1
Project("{9A19103F-16F7-4668-BE54-9A1E7A4F7556}") = "Student Database", "StudentDatabase\Student Database.csproj", "{62418CE2-126B-4485-8426-C70F8BC91104}"
EndProject
Global
	GlobalSection(SolutionConfigurationPlatforms) = preSolution
		Debug|Any CPU = Debug|Any CPU
		Release|Any CPU = Release|Any CPU
	EndGlobalSection
	GlobalSection(ProjectConfigurationPlatforms) = postSolution
		{62418CE2-126B-4485-8426-C70F8BC91104}.Debug|Any CPU.ActiveCfg = Debug|Any CPU
		{62418CE2-126B-4485-8426-C70F8BC91104}.Debug|Any CPU.Build.0 = Debug|Any CPU
		{62418CE2-126B-4485-8426-C70F8BC91104}.Release|Any CPU.ActiveCfg = Release|Any CPU
		{62418CE2-126B-4485-8426-C70F8BC91104}.Release|Any CPU.Build.0 = Release|Any CPU
	EndGlobalSection
	GlobalSection(SolutionProperties) = preSolution
		HideSolutionNode = FALSE
	EndGlobalSection
	GlobalSection(ExtensibilityGlobals) = postSolution
		SolutionGuid = {097687B4-BB92-4E7B-B9EB-67A1DE1A52B6}
	EndGlobalSection
EndGlobal
